{
  "name": "asciidoc-markdown-converter",
  "version": "1.0.0",
  "lockfileVersion": 3,
  "requires": true,
  "packages": {
    "": {
      "name": "asciidoc-markdown-converter",
      "version": "1.0.0",
      "license": "ISC",
      "dependencies": {
        "downdoc": "^1.0.2-stable"
      }
    },
    "node_modules/downdoc": {
      "version": "1.0.2-stable",
      "resolved": "https://registry.npmjs.org/downdoc/-/downdoc-1.0.2-stable.tgz",
      "integrity": "sha512-eYTOmnYp3a6ibweDWLO72Y2NxWtw5YVA5rpfS4+vjWh6K1F9bD3TrwxYxfjfudqwBtYeeIYkn7b9UXN22NkZSw==",
      "workspaces": [
        "."
      ],
      "bin": {
        "downdoc": "bin/downdoc"
      },
      "engines": {
        "node": ">=16.17.0"
      }
    }
  }
}
